// !$*UTF8*$!
{
	archiveVersion = 1;
	classes = {
	};
	objectVersion = 55;
	objects = {

/* Begin PBXBuildFile section */
		042086232A4B168D00B00C4B /* AppDelegate.swift in Sources */ = {isa = PBXBuildFile; fileRef = 042086222A4B168D00B00C4B /* AppDelegate.swift */; };
		042086252A4B168D00B00C4B /* SceneDelegate.swift in Sources */ = {isa = PBXBuildFile; fileRef = 042086242A4B168D00B00C4B /* SceneDelegate.swift */; };
		042086272A4B168D00B00C4B /* ViewController.swift in Sources */ = {isa = PBXBuildFile; fileRef = 042086262A4B168D00B00C4B /* ViewController.swift */; };
		0420862A2A4B168D00B00C4B /* Main.storyboard in Resources */ = {isa = PBXBuildFile; fileRef = 042086282A4B168D00B00C4B /* Main.storyboard */; };
		0420862C2A4B168F00B00C4B /* Assets.xcassets in Resources */ = {isa = PBXBuildFile; fileRef = 0420862B2A4B168F00B00C4B /* Assets.xcassets */; };
		0420862F2A4B168F00B00C4B /* LaunchScreen.storyboard in Resources */ = {isa = PBXBuildFile; fileRef = 0420862D2A4B168F00B00C4B /* LaunchScreen.storyboard */; };
		042086372A4B1F9800B00C4B /* Student.swift in Sources */ = {isa = PBXBuildFile; fileRef = 042086362A4B1F9800B00C4B /* Student.swift */; };
		0420863A2A4B21DF00B00C4B /* StudentTableViewCell.swift in Sources */ = {isa = PBXBuildFile; fileRef = 042086382A4B21DF00B00C4B /* StudentTableViewCell.swift */; };
		0420863B2A4B21DF00B00C4B /* StudentTableViewCell.xib in Resources */ = {isa = PBXBuildFile; fileRef = 042086392A4B21DF00B00C4B /* StudentTableViewCell.xib */; };
/* End PBXBuildFile section */

/* Begin PBXFileReference section */
		0420861F2A4B168D00B00C4B /* Table_View.app */ = {isa = PBXFileReference; explicitFileType = wrapper.application; includeInIndex = 0; path = Table_View.app; sourceTree = BUILT_PRODUCTS_DIR; };
		042086222A4B168D00B00C4B /* AppDelegate.swift */ = {isa = PBXFileReference; lastKnownFileType = sourcecode.swift; path = AppDelegate.swift; sourceTree = "<group>"; };
		042086242A4B168D00B00C4B /* SceneDelegate.swift */ = {isa = PBXFileReference; lastKnownFileType = sourcecode.swift; path = SceneDelegate.swift; sourceTree = "<group>"; };
		042086262A4B168D00B00C4B /* ViewController.swift */ = {isa = PBXFileReference; lastKnownFileType = sourcecode.swift; path = ViewController.swift; sourceTree = "<group>"; };
		042086292A4B168D00B00C4B /* Base */ = {isa = PBXFileReference; lastKnownFileType = file.storyboard; name = Base; path = Base.lproj/Main.storyboard; sourceTree = "<group>"; };
		0420862B2A4B168F00B00C4B /* Assets.xcassets */ = {isa = PBXFileReference; lastKnownFileType = folder.assetcatalog; path = Assets.xcassets; sourceTree = "<group>"; };
		0420862E2A4B168F00B00C4B /* Base */ = {isa = PBXFileReference; lastKnownFileType = file.storyboard; name = Base; path = Base.lproj/LaunchScreen.storyboard; sourceTree = "<group>"; };
		042086302A4B168F00B00C4B /* Info.plist */ = {isa = PBXFileReference; lastKnownFileType = text.plist.xml; path = Info.plist; sourceTree = "<group>"; };
		042086362A4B1F9800B00C4B /* Student.swift */ = {isa = PBXFileReference; lastKnownFileType = sourcecode.swift; path = Student.swift; sourceTree = "<group>"; };
		042086382A4B21DF00B00C4B /* StudentTableViewCell.swift */ = {isa = PBXFileReference; lastKnownFileType = sourcecode.swift; path = StudentTableViewCell.swift; sourceTree = "<group>"; };
		042086392A4B21DF00B00C4B /* StudentTableViewCell.xib */ = {isa = PBXFileReference; lastKnownFileType = file.xib; path = StudentTableViewCell.xib; sourceTree = "<group>"; };
/* End PBXFileReference section */

/* Begin PBXFrameworksBuildPhase section */
		0420861C2A4B168D00B00C4B /* Frameworks */ = {
			isa = PBXFrameworksBuildPhase;
			buildActionMask = 2147483647;
			files = (
			);
			runOnlyForDeploymentPostprocessing = 0;
		};
/* End PBXFrameworksBuildPhase section */

/* Begin PBXGroup section */
		042086162A4B168D00B00C4B = {
			isa = PBXGroup;
			children = (
				042086212A4B168D00B00C4B /* Table_View */,
				042086202A4B168D00B00C4B /* Products */,
			);
			sourceTree = "<group>";
		};
		042086202A4B168D00B00C4B /* Products */ = {
			isa = PBXGroup;
			children = (
				0420861F2A4B168D00B00C4B /* Table_View.app */,
			);
			name = Products;
			sourceTree = "<group>";
		};
		042086212A4B168D00B00C4B /* Table_View */ = {
			isa = PBXGroup;
			children = (
				042086222A4B168D00B00C4B /* AppDelegate.swift */,
				042086242A4B168D00B00C4B /* SceneDelegate.swift */,
				042086262A4B168D00B00C4B /* ViewController.swift */,
				042086282A4B168D00B00C4B /* Main.storyboard */,
				0420862B2A4B168F00B00C4B /* Assets.xcassets */,
				0420862D2A4B168F00B00C4B /* LaunchScreen.storyboard */,
				042086302A4B168F00B00C4B /* Info.plist */,
				042086362A4B1F9800B00C4B /* Student.swift */,
				042086382A4B21DF00B00C4B /* StudentTableViewCell.swift */,
				042086392A4B21DF00B00C4B /* StudentTableViewCell.xib */,
			);
			path = Table_View;
			sourceTree = "<group>";
		};
/* End PBXGroup section */

/* Begin PBXNativeTarget section */
		0420861E2A4B168D00B00C4B /* Table_View */ = {
			isa = PBXNativeTarget;
			buildConfigurationList = 042086332A4B168F00B00C4B /* Build configuration list for PBXNativeTarget "Table_View" */;
			buildPhases = (
				0420861B2A4B168D00B00C4B /* Sources */,
				0420861C2A4B168D00B00C4B /* Frameworks */,
				0420861D2A4B168D00B00C4B /* Resources */,
			);
			buildRules = (
			);
			dependencies = (
			);
			name = Table_View;
			productName = Table_View;
			productReference = 0420861F2A4B168D00B00C4B /* Table_View.app */;
			productType = "com.apple.product-type.application";
		};
/* End PBXNativeTarget section */

/* Begin PBXProject section */
		042086172A4B168D00B00C4B /* Project object */ = {
			isa = PBXProject;
			attributes = {
				BuildIndependentTargetsInParallel = 1;
				LastSwiftUpdateCheck = 1340;
				LastUpgradeCheck = 1340;
				TargetAttributes = {
					0420861E2A4B168D00B00C4B = {
						CreatedOnToolsVersion = 13.4.1;
					};
				};
			};
			buildConfigurationList = 0420861A2A4B168D00B00C4B /* Build configuration list for PBXProject "Table_View" */;
			compatibilityVersion = "Xcode 13.0";
			developmentRegion = en;
			hasScannedForEncodings = 0;
			knownRegions = (
				en,
				Base,
			);
			mainGroup = 042086162A4B168D00B00C4B;
			productRefGroup = 042086202A4B168D00B00C4B /* Products */;
			projectDirPath = "";
			projectRoot = "";
			targets = (
				0420861E2A4B168D00B00C4B /* Table_View */,
			);
		};
/* End PBXProject section */

/* Begin PBXResourcesBuildPhase section */
		0420861D2A4B168D00B00C4B /* Resources */ = {
			isa = PBXResourcesBuildPhase;
			buildActionMask = 2147483647;
			files = (
				0420862F2A4B168F00B00C4B /* LaunchScreen.storyboard in Resources */,
				0420862C2A4B168F00B00C4B /* Assets.xcassets in Resources */,
				0420862A2A4B168D00B00C4B /* Main.storyboard in Resources */,
				0420863B2A4B21DF00B00C4B /* StudentTableViewCell.xib in Resources */,
			);
			runOnlyForDeploymentPostprocessing = 0;
		};
/* End PBXResourcesBuildPhase section */

/* Begin PBXSourcesBuildPhase section */
		0420861B2A4B168D00B00C4B /* Sources */ = {
			isa = PBXSourcesBuildPhase;
			buildActionMask = 2147483647;
			files = (
				042086272A4B168D00B00C4B /* ViewController.swift in Sources */,
				0420863A2A4B21DF00B00C4B /* StudentTableViewCell.swift in Sources */,
				042086232A4B168D00B00C4B /* AppDelegate.swift in Sources */,
				042086252A4B168D00B00C4B /* SceneDelegate.swift in Sources */,
				042086372A4B1F9800B00C4B /* Student.swift in Sources */,
			);
			runOnlyForDeploymentPostprocessing = 0;
		};
/* End PBXSourcesBuildPhase section */

/* Begin PBXVariantGroup section */
		042086282A4B168D00B00C4B /* Main.storyboard */ = {
			isa = PBXVariantGroup;
			children = (
				042086292A4B168D00B00C4B /* Base */,
			);
			name = Main.storyboard;
			sourceTree = "<group>";
		};
		0420862D2A4B168F00B00C4B /* LaunchScreen.storyboard */ = {
			isa = PBXVariantGroup;
			children = (
				0420862E2A4B168F00B00C4B /* Base */,
			);
			name = LaunchScreen.storyboard;
			sourceTree = "<group>";
		};
/* End PBXVariantGroup section */

/* Begin XCBuildConfiguration section */
		042086312A4B168F00B00C4B /* Debug */ = {
			isa = XCBuildConfiguration;
			buildSettings = {
				ALWAYS_SEARCH_USER_PATHS = NO;
				CLANG_ANALYZER_NONNULL = YES;
				CLANG_ANALYZER_NUMBER_OBJECT_CONVERSION = YES_AGGRESSIVE;
				CLANG_CXX_LANGUAGE_STANDARD = "gnu++17";
				CLANG_ENABLE_MODULES = YES;
				CLANG_ENABLE_OBJC_ARC = YES;
				CLANG_ENABLE_OBJC_WEAK = YES;
				CLANG_WARN_BLOCK_CAPTURE_AUTORELEASING = YES;
				CLANG_WARN_BOOL_CONVERSION = YES;
				CLANG_WARN_COMMA = YES;
				CLANG_WARN_CONSTANT_CONVERSION = YES;
				CLANG_WARN_DEPRECATED_OBJC_IMPLEMENTATIONS = YES;
				CLANG_WARN_DIRECT_OBJC_ISA_USAGE = YES_ERROR;
				CLANG_WARN_DOCUMENTATION_COMMENTS = YES;
				CLANG_WARN_EMPTY_BODY = YES;
				CLANG_WARN_ENUM_CONVERSION = YES;
				CLANG_WARN_INFINITE_RECURSION = YES;
				CLANG_WARN_INT_CONVERSION = YES;
				CLANG_WARN_NON_LITERAL_NULL_CONVERSION = YES;
				CLANG_WARN_OBJC_IMPLICIT_RETAIN_SELF = YES;
				CLANG_WARN_OBJC_LITERAL_CONVERSION = YES;
				CLANG_WARN_OBJC_ROOT_CLASS = YES_ERROR;
				CLANG_WARN_QUOTED_INCLUDE_IN_FRAMEWORK_HEADER = YES;
				CLANG_WARN_RANGE_LOOP_ANALYSIS = YES;
				CLANG_WARN_STRICT_PROTOTYPES = YES;
				CLANG_WARN_SUSPICIOUS_MOVE = YES;
				CLANG_WARN_UNGUARDED_AVAILABILITY = YES_AGGRESSIVE;
				CLANG_WARN_UNREACHABLE_CODE = YES;
				CLANG_WARN__DUPLICATE_METHOD_MATCH = YES;
				COPY_PHASE_STRIP = NO;
				DEBUG_INFORMATION_FORMAT = dwarf;
				ENABLE_STRICT_OBJC_MSGSEND = YES;
				ENABLE_TESTABILITY = YES;
				GCC_C_LANGUAGE_STANDARD = gnu11;
				GCC_DYNAMIC_NO_PIC = NO;
				GCC_NO_COMMON_BLOCKS = YES;
				GCC_OPTIMIZATION_LEVEL = 0;
				GCC_PREPROCESSOR_DEFINITIONS = (
					"DEBUG=1",
					"$(inherited)",
				);
				GCC_WARN_64_TO_32_BIT_CONVERSION = YES;
				GCC_WARN_ABOUT_RETURN_TYPE = YES_ERROR;
				GCC_WARN_UNDECLARED_SELECTOR = YES;
				GCC_WARN_UNINITIALIZED_AUTOS = YES_AGGRESSIVE;
				GCC_WARN_UNUSED_FUNCTION = YES;
				GCC_WARN_UNUSED_VARIABLE = YES;
				IPHONEOS_DEPLOYMENT_TARGET = 15.5;
				MTL_ENABLE_DEBUG_INFO = INCLUDE_SOURCE;
				MTL_FAST_MATH = YES;
				ONLY_ACTIVE_ARCH = YES;
				SDKROOT = iphoneos;
				SWIFT_ACTIVE_COMPILATION_CONDITIONS = DEBUG;
				SWIFT_OPTIMIZATION_LEVEL = "-Onone";
			};
			name = Debug;
		};
		042086322A4B168F00B00C4B /* Release */ = {
			isa = XCBuildConfiguration;
			buildSettings = {
				ALWAYS_SEARCH_USER_PATHS = NO;
				CLANG_ANALYZER_NONNULL = YES;
				CLANG_ANALYZER_NUMBER_OBJECT_CONVERSION = YES_AGGRESSIVE;
				CLANG_CXX_LANGUAGE_STANDARD = "gnu++17";
				CLANG_ENABLE_MODULES = YES;
				CLANG_ENABLE_OBJC_ARC = YES;
				CLANG_ENABLE_OBJC_WEAK = YES;
				CLANG_WARN_BLOCK_CAPTURE_AUTORELEASING = YES;
				CLANG_WARN_BOOL_CONVERSION = YES;
				CLANG_WARN_COMMA = YES;
				CLANG_WARN_CONSTANT_CONVERSION = YES;
				CLANG_WARN_DEPRECATED_OBJC_IMPLEMENTATIONS = YES;
				CLANG_WARN_DIRECT_OBJC_ISA_USAGE = YES_ERROR;
				CLANG_WARN_DOCUMENTATION_COMMENTS = YES;
				CLANG_WARN_EMPTY_BODY = YES;
				CLANG_WARN_ENUM_CONVERSION = YES;
				CLANG_WARN_INFINITE_RECURSION = YES;
				CLANG_WARN_INT_CONVERSION = YES;
				CLANG_WARN_NON_LITERAL_NULL_CONVERSION = YES;
				CLANG_WARN_OBJC_IMPLICIT_RETAIN_SELF = YES;
				CLANG_WARN_OBJC_LITERAL_CONVERSION = YES;
				CLANG_WARN_OBJC_ROOT_CLASS = YES_ERROR;
				CLANG_WARN_QUOTED_INCLUDE_IN_FRAMEWORK_HEADER = YES;
				CLANG_WARN_RANGE_LOOP_ANALYSIS = YES;
				CLANG_WARN_STRICT_PROTOTYPES = YES;
				CLANG_WARN_SUSPICIOUS_MOVE = YES;
				CLANG_WARN_UNGUARDED_AVAILABILITY = YES_AGGRESSIVE;
				CLANG_WARN_UNREACHABLE_CODE = YES;
				CLANG_WARN__DUPLICATE_METHOD_MATCH = YES;
				COPY_PHASE_STRIP = NO;
				DEBUG_INFORMATION_FORMAT = "dwarf-with-dsym";
				ENABLE_NS_ASSERTIONS = NO;
				ENABLE_STRICT_OBJC_MSGSEND = YES;
				GCC_C_LANGUAGE_STANDARD = gnu11;
				GCC_NO_COMMON_BLOCKS = YES;
				GCC_WARN_64_TO_32_BIT_CONVERSION = YES;
				GCC_WARN_ABOUT_RETURN_TYPE = YES_ERROR;
				GCC_WARN_UNDECLARED_SELECTOR = YES;
				GCC_WARN_UNINITIALIZED_AUTOS = YES_AGGRESSIVE;
				GCC_WARN_UNUSED_FUNCTION = YES;
				GCC_WARN_UNUSED_VARIABLE = YES;
				IPHONEOS_DEPLOYMENT_TARGET = 15.5;
				MTL_ENABLE_DEBUG_INFO = NO;
				MTL_FAST_MATH = YES;
				SDKROOT = iphoneos;
				SWIFT_COMPILATION_MODE = wholemodule;
				SWIFT_OPTIMIZATION_LEVEL = "-O";
				VALIDATE_PRODUCT = YES;
			};
			name = Release;
		};
		042086342A4B168F00B00C4B /* Debug */ = {
			isa = XCBuildConfiguration;
			buildSettings = {
				ASSETCATALOG_COMPILER_APPICON_NAME = AppIcon;
				ASSETCATALOG_COMPILER_GLOBAL_ACCENT_COLOR_NAME = AccentColor;
				CODE_SIGN_STYLE = Automatic;
				CURRENT_PROJECT_VERSION = 1;
				GENERATE_INFOPLIST_FILE = YES;
				INFOPLIST_FILE = Table_View/Info.plist;
				INFOPLIST_KEY_UIApplicationSupportsIndirectInputEvents = YES;
				INFOPLIST_KEY_UILaunchStoryboardName = LaunchScreen;
				INFOPLIST_KEY_UIMainStoryboardFile = Main;
				INFOPLIST_KEY_UISupportedInterfaceOrientations_iPad = "UIInterfaceOrientationPortrait UIInterfaceOrientationPortraitUpsideDown UIInterfaceOrientationLandscapeLeft UIInterfaceOrientationLandscapeRight";
				INFOPLIST_KEY_UISupportedInterfaceOrientations_iPhone = "UIInterfaceOrientationPortrait UIInterfaceOrientationLandscapeLeft UIInterfaceOrientationLandscapeRight";
				LD_RUNPATH_SEARCH_PATHS = (
					"$(inherited)",
					"@executable_path/Frameworks",
				);
				MARKETING_VERSION = 1.0;
				PRODUCT_BUNDLE_IDENTIFIER = "rohanakolkar.Table-View";
				PRODUCT_NAME = "$(TARGET_NAME)";
				SWIFT_EMIT_LOC_STRINGS = YES;
				SWIFT_VERSION = 5.0;
				TARGETED_DEVICE_FAMILY = "1,2";
			};
			name = Debug;
		};
		042086352A4B168F00B00C4B /* Release */ = {
			isa = XCBuildConfiguration;
			buildSettings = {
				ASSETCATALOG_COMPILER_APPICON_NAME = AppIcon;
				ASSETCATALOG_COMPILER_GLOBAL_ACCENT_COLOR_NAME = AccentColor;
				CODE_SIGN_STYLE = Automatic;
				CURRENT_PROJECT_VERSION = 1;
				GENERATE_INFOPLIST_FILE = YES;
				INFOPLIST_FILE = Table_View/Info.plist;
				INFOPLIST_KEY_UIApplicationSupportsIndirectInputEvents = YES;
				INFOPLIST_KEY_UILaunchStoryboardName = LaunchScreen;
				INFOPLIST_KEY_UIMainStoryboardFile = Main;
				INFOPLIST_KEY_UISupportedInterfaceOrientations_iPad = "UIInterfaceOrientationPortrait UIInterfaceOrientationPortraitUpsideDown UIInterfaceOrientationLandscapeLeft UIInterfaceOrientationLandscapeRight";
				INFOPLIST_KEY_UISupportedInterfaceOrientations_iPhone = "UIInterfaceOrientationPortrait UIInterfaceOrientationLandscapeLeft UIInterfaceOrientationLandscapeRight";
				LD_RUNPATH_SEARCH_PATHS = (
					"$(inherited)",
					"@executable_path/Frameworks",
				);
				MARKETING_VERSION = 1.0;
				PRODUCT_BUNDLE_IDENTIFIER = "rohanakolkar.Table-View";
				PRODUCT_NAME = "$(TARGET_NAME)";
				SWIFT_EMIT_LOC_STRINGS = YES;
				SWIFT_VERSION = 5.0;
				TARGETED_DEVICE_FAMILY = "1,2";
			};
			name = Release;
		};
/* End XCBuildConfiguration section */

/* Begin XCConfigurationList section */
		0420861A2A4B168D00B00C4B /* Build configuration list for PBXProject "Table_View" */ = {
			isa = XCConfigurationList;
			buildConfigurations = (
				042086312A4B168F00B00C4B /* Debug */,
				042086322A4B168F00B00C4B /* Release */,
			);
			defaultConfigurationIsVisible = 0;
			defaultConfigurationName = Release;
		};
		042086332A4B168F00B00C4B /* Build configuration list for PBXNativeTarget "Table_View" */ = {
			isa = XCConfigurationList;
			buildConfigurations = (
				042086342A4B168F00B00C4B /* Debug */,
				042086352A4B168F00B00C4B /* Release */,
			);
			defaultConfigurationIsVisible = 0;
			defaultConfigurationName = Release;
		};
/* End XCConfigurationList section */
	};
	rootObject = 042086172A4B168D00B00C4B /* Project object */;
}
